
Microsoft Visual Studio Solution File, Format Version 12.00
# Visual Studio Express 2013 for Web
VisualStudioVersion = 12.0.30501.0
MinimumVisualStudioVersion = 10.0.40219.1
Project("{FAE04EC0-301F-11D3-BF4B-00C04F79EFBC}") = "FilesAndFolders.Web", "FilesAndFolders.Web\FilesAndFolders.Web.csproj", "{4F46E02B-BC06-4130-B806-8AED6F6FACA9}"
EndProject
Project("{FAE04EC0-301F-11D3-BF4B-00C04F79EFBC}") = "FilesAndFolders.Data", "FilesAndFolders.Data\FilesAndFolders.Data.csproj", "{FDA92811-26D8-41C2-B122-D88A5278267A}"
EndProject
Project("{FAE04EC0-301F-11D3-BF4B-00C04F79EFBC}") = "FilesAndFolders.Data.Models", "FilesAndFolders.Data.Models\FilesAndFolders.Data.Models.csproj", "{DC1EBA89-A0F1-45BF-8E73-5EBF59A78C86}"
EndProject
Global
	GlobalSection(SolutionConfigurationPlatforms) = preSolution
		Debug|Any CPU = Debug|Any CPU
		Release|Any CPU = Release|Any CPU
	EndGlobalSection
	GlobalSection(ProjectConfigurationPlatforms) = postSolution
		{4F46E02B-BC06-4130-B806-8AED6F6FACA9}.Debug|Any CPU.ActiveCfg = Debug|Any CPU
		{4F46E02B-BC06-4130-B806-8AED6F6FACA9}.Debug|Any CPU.Build.0 = Debug|Any CPU
		{4F46E02B-BC06-4130-B806-8AED6F6FACA9}.Release|Any CPU.ActiveCfg = Release|Any CPU
		{4F46E02B-BC06-4130-B806-8AED6F6FACA9}.Release|Any CPU.Build.0 = Release|Any CPU
		{FDA92811-26D8-41C2-B122-D88A5278267A}.Debug|Any CPU.ActiveCfg = Debug|Any CPU
		{FDA92811-26D8-41C2-B122-D88A5278267A}.Debug|Any CPU.Build.0 = Debug|Any CPU
		{FDA92811-26D8-41C2-B122-D88A5278267A}.Release|Any CPU.ActiveCfg = Release|Any CPU
		{FDA92811-26D8-41C2-B122-D88A5278267A}.Release|Any CPU.Build.0 = Release|Any CPU
		{DC1EBA89-A0F1-45BF-8E73-5EBF59A78C86}.Debug|Any CPU.ActiveCfg = Debug|Any CPU
		{DC1EBA89-A0F1-45BF-8E73-5EBF59A78C86}.Debug|Any CPU.Build.0 = Debug|Any CPU
		{DC1EBA89-A0F1-45BF-8E73-5EBF59A78C86}.Release|Any CPU.ActiveCfg = Release|Any CPU
		{DC1EBA89-A0F1-45BF-8E73-5EBF59A78C86}.Release|Any CPU.Build.0 = Release|Any CPU
	EndGlobalSection
	GlobalSection(SolutionProperties) = preSolution
		HideSolutionNode = FALSE
	EndGlobalSection
EndGlobal
